// !$*UTF8*$!
{
	archiveVersion = 1;
	classes = {
	};
	objectVersion = 50;
	objects = {

/* Begin PBXBuildFile section */
		843C9F2525D4930800FEB4D9 /* RowerApp.swift in Sources */ = {isa = PBXBuildFile; fileRef = 843C9F1225D4930700FEB4D9 /* RowerApp.swift */; };
		843C9F2625D4930800FEB4D9 /* RowerApp.swift in Sources */ = {isa = PBXBuildFile; fileRef = 843C9F1225D4930700FEB4D9 /* RowerApp.swift */; };
		843C9F2725D4930800FEB4D9 /* ContentView.swift in Sources */ = {isa = PBXBuildFile; fileRef = 843C9F1325D4930700FEB4D9 /* ContentView.swift */; };
		843C9F2825D4930800FEB4D9 /* ContentView.swift in Sources */ = {isa = PBXBuildFile; fileRef = 843C9F1325D4930700FEB4D9 /* ContentView.swift */; };
		843C9F2925D4930800FEB4D9 /* Assets.xcassets in Resources */ = {isa = PBXBuildFile; fileRef = 843C9F1425D4930800FEB4D9 /* Assets.xcassets */; };
		843C9F2A25D4930800FEB4D9 /* Assets.xcassets in Resources */ = {isa = PBXBuildFile; fileRef = 843C9F1425D4930800FEB4D9 /* Assets.xcassets */; };
/* End PBXBuildFile section */

/* Begin PBXFileReference section */
		843C9F1225D4930700FEB4D9 /* RowerApp.swift */ = {isa = PBXFileReference; lastKnownFileType = sourcecode.swift; path = RowerApp.swift; sourceTree = "<group>"; };
		843C9F1325D4930700FEB4D9 /* ContentView.swift */ = {isa = PBXFileReference; lastKnownFileType = sourcecode.swift; path = ContentView.swift; sourceTree = "<group>"; };
		843C9F1425D4930800FEB4D9 /* Assets.xcassets */ = {isa = PBXFileReference; lastKnownFileType = folder.assetcatalog; path = Assets.xcassets; sourceTree = "<group>"; };
		843C9F1925D4930800FEB4D9 /* Rower.app */ = {isa = PBXFileReference; explicitFileType = wrapper.application; includeInIndex = 0; path = Rower.app; sourceTree = BUILT_PRODUCTS_DIR; };
		843C9F1C25D4930800FEB4D9 /* Info.plist */ = {isa = PBXFileReference; lastKnownFileType = text.plist.xml; path = Info.plist; sourceTree = "<group>"; };
		843C9F2125D4930800FEB4D9 /* Rower.app */ = {isa = PBXFileReference; explicitFileType = wrapper.application; includeInIndex = 0; path = Rower.app; sourceTree = BUILT_PRODUCTS_DIR; };
		843C9F2325D4930800FEB4D9 /* Info.plist */ = {isa = PBXFileReference; lastKnownFileType = text.plist.xml; path = Info.plist; sourceTree = "<group>"; };
		843C9F2425D4930800FEB4D9 /* macOS.entitlements */ = {isa = PBXFileReference; lastKnownFileType = text.plist.entitlements; path = macOS.entitlements; sourceTree = "<group>"; };
/* End PBXFileReference section */

/* Begin PBXFrameworksBuildPhase section */
		843C9F1625D4930800FEB4D9 /* Frameworks */ = {
			isa = PBXFrameworksBuildPhase;
			buildActionMask = 2147483647;
			files = (
			);
			runOnlyForDeploymentPostprocessing = 0;
		};
		843C9F1E25D4930800FEB4D9 /* Frameworks */ = {
			isa = PBXFrameworksBuildPhase;
			buildActionMask = 2147483647;
			files = (
			);
			runOnlyForDeploymentPostprocessing = 0;
		};
/* End PBXFrameworksBuildPhase section */

/* Begin PBXGroup section */
		843C9F0C25D4930700FEB4D9 = {
			isa = PBXGroup;
			children = (
				843C9F1125D4930700FEB4D9 /* Shared */,
				843C9F1B25D4930800FEB4D9 /* iOS */,
				843C9F2225D4930800FEB4D9 /* macOS */,
				843C9F1A25D4930800FEB4D9 /* Products */,
			);
			sourceTree = "<group>";
		};
		843C9F1125D4930700FEB4D9 /* Shared */ = {
			isa = PBXGroup;
			children = (
				843C9F1225D4930700FEB4D9 /* RowerApp.swift */,
				843C9F1325D4930700FEB4D9 /* ContentView.swift */,
				843C9F1425D4930800FEB4D9 /* Assets.xcassets */,
			);
			path = Shared;
			sourceTree = "<group>";
		};
		843C9F1A25D4930800FEB4D9 /* Products */ = {
			isa = PBXGroup;
			children = (
				843C9F1925D4930800FEB4D9 /* Rower.app */,
				843C9F2125D4930800FEB4D9 /* Rower.app */,
			);
			name = Products;
			sourceTree = "<group>";
		};
		843C9F1B25D4930800FEB4D9 /* iOS */ = {
			isa = PBXGroup;
			children = (
				843C9F1C25D4930800FEB4D9 /* Info.plist */,
			);
			path = iOS;
			sourceTree = "<group>";
		};
		843C9F2225D4930800FEB4D9 /* macOS */ = {
			isa = PBXGroup;
			children = (
				843C9F2325D4930800FEB4D9 /* Info.plist */,
				843C9F2425D4930800FEB4D9 /* macOS.entitlements */,
			);
			path = macOS;
			sourceTree = "<group>";
		};
/* End PBXGroup section */

/* Begin PBXNativeTarget section */
		843C9F1825D4930800FEB4D9 /* Rower (iOS) */ = {
			isa = PBXNativeTarget;
			buildConfigurationList = 843C9F2D25D4930800FEB4D9 /* Build configuration list for PBXNativeTarget "Rower (iOS)" */;
			buildPhases = (
				843C9F1525D4930800FEB4D9 /* Sources */,
				843C9F1625D4930800FEB4D9 /* Frameworks */,
				843C9F1725D4930800FEB4D9 /* Resources */,
			);
			buildRules = (
			);
			dependencies = (
			);
			name = "Rower (iOS)";
			productName = "Rower (iOS)";
			productReference = 843C9F1925D4930800FEB4D9 /* Rower.app */;
			productType = "com.apple.product-type.application";
		};
		843C9F2025D4930800FEB4D9 /* Rower (macOS) */ = {
			isa = PBXNativeTarget;
			buildConfigurationList = 843C9F3025D4930800FEB4D9 /* Build configuration list for PBXNativeTarget "Rower (macOS)" */;
			buildPhases = (
				843C9F1D25D4930800FEB4D9 /* Sources */,
				843C9F1E25D4930800FEB4D9 /* Frameworks */,
				843C9F1F25D4930800FEB4D9 /* Resources */,
			);
			buildRules = (
			);
			dependencies = (
			);
			name = "Rower (macOS)";
			productName = "Rower (macOS)";
			productReference = 843C9F2125D4930800FEB4D9 /* Rower.app */;
			productType = "com.apple.product-type.application";
		};
/* End PBXNativeTarget section */

/* Begin PBXProject section */
		843C9F0D25D4930700FEB4D9 /* Project object */ = {
			isa = PBXProject;
			attributes = {
				LastSwiftUpdateCheck = 1240;
				LastUpgradeCheck = 1240;
				TargetAttributes = {
					843C9F1825D4930800FEB4D9 = {
						CreatedOnToolsVersion = 12.4;
					};
					843C9F2025D4930800FEB4D9 = {
						CreatedOnToolsVersion = 12.4;
					};
				};
			};
			buildConfigurationList = 843C9F1025D4930700FEB4D9 /* Build configuration list for PBXProject "Rower" */;
			compatibilityVersion = "Xcode 9.3";
			developmentRegion = en;
			hasScannedForEncodings = 0;
			knownRegions = (
				en,
				Base,
			);
			mainGroup = 843C9F0C25D4930700FEB4D9;
			productRefGroup = 843C9F1A25D4930800FEB4D9 /* Products */;
			projectDirPath = "";
			projectRoot = "";
			targets = (
				843C9F1825D4930800FEB4D9 /* Rower (iOS) */,
				843C9F2025D4930800FEB4D9 /* Rower (macOS) */,
			);
		};
/* End PBXProject section */

/* Begin PBXResourcesBuildPhase section */
		843C9F1725D4930800FEB4D9 /* Resources */ = {
			isa = PBXResourcesBuildPhase;
			buildActionMask = 2147483647;
			files = (
				843C9F2925D4930800FEB4D9 /* Assets.xcassets in Resources */,
			);
			runOnlyForDeploymentPostprocessing = 0;
		};
		843C9F1F25D4930800FEB4D9 /* Resources */ = {
			isa = PBXResourcesBuildPhase;
			buildActionMask = 2147483647;
			files = (
				843C9F2A25D4930800FEB4D9 /* Assets.xcassets in Resources */,
			);
			runOnlyForDeploymentPostprocessing = 0;
		};
/* End PBXResourcesBuildPhase section */

/* Begin PBXSourcesBuildPhase section */
		843C9F1525D4930800FEB4D9 /* Sources */ = {
			isa = PBXSourcesBuildPhase;
			buildActionMask = 2147483647;
			files = (
				843C9F2725D4930800FEB4D9 /* ContentView.swift in Sources */,
				843C9F2525D4930800FEB4D9 /* RowerApp.swift in Sources */,
			);
			runOnlyForDeploymentPostprocessing = 0;
		};
		843C9F1D25D4930800FEB4D9 /* Sources */ = {
			isa = PBXSourcesBuildPhase;
			buildActionMask = 2147483647;
			files = (
				843C9F2825D4930800FEB4D9 /* ContentView.swift in Sources */,
				843C9F2625D4930800FEB4D9 /* RowerApp.swift in Sources */,
			);
			runOnlyForDeploymentPostprocessing = 0;
		};
/* End PBXSourcesBuildPhase section */

/* Begin XCBuildConfiguration section */
		843C9F2B25D4930800FEB4D9 /* Debug */ = {
			isa = XCBuildConfiguration;
			buildSettings = {
				ALWAYS_SEARCH_USER_PATHS = NO;
				CLANG_ANALYZER_NONNULL = YES;
				CLANG_ANALYZER_NUMBER_OBJECT_CONVERSION = YES_AGGRESSIVE;
				CLANG_CXX_LANGUAGE_STANDARD = "gnu++14";
				CLANG_CXX_LIBRARY = "libc++";
				CLANG_ENABLE_MODULES = YES;
				CLANG_ENABLE_OBJC_ARC = YES;
				CLANG_ENABLE_OBJC_WEAK = YES;
				CLANG_WARN_BLOCK_CAPTURE_AUTORELEASING = YES;
				CLANG_WARN_BOOL_CONVERSION = YES;
				CLANG_WARN_COMMA = YES;
				CLANG_WARN_CONSTANT_CONVERSION = YES;
				CLANG_WARN_DEPRECATED_OBJC_IMPLEMENTATIONS = YES;
				CLANG_WARN_DIRECT_OBJC_ISA_USAGE = YES_ERROR;
				CLANG_WARN_DOCUMENTATION_COMMENTS = YES;
				CLANG_WARN_EMPTY_BODY = YES;
				CLANG_WARN_ENUM_CONVERSION = YES;
				CLANG_WARN_INFINITE_RECURSION = YES;
				CLANG_WARN_INT_CONVERSION = YES;
				CLANG_WARN_NON_LITERAL_NULL_CONVERSION = YES;
				CLANG_WARN_OBJC_IMPLICIT_RETAIN_SELF = YES;
				CLANG_WARN_OBJC_LITERAL_CONVERSION = YES;
				CLANG_WARN_OBJC_ROOT_CLASS = YES_ERROR;
				CLANG_WARN_QUOTED_INCLUDE_IN_FRAMEWORK_HEADER = YES;
				CLANG_WARN_RANGE_LOOP_ANALYSIS = YES;
				CLANG_WARN_STRICT_PROTOTYPES = YES;
				CLANG_WARN_SUSPICIOUS_MOVE = YES;
				CLANG_WARN_UNGUARDED_AVAILABILITY = YES_AGGRESSIVE;
				CLANG_WARN_UNREACHABLE_CODE = YES;
				CLANG_WARN__DUPLICATE_METHOD_MATCH = YES;
				COPY_PHASE_STRIP = NO;
				DEBUG_INFORMATION_FORMAT = dwarf;
				ENABLE_STRICT_OBJC_MSGSEND = YES;
				ENABLE_TESTABILITY = YES;
				GCC_C_LANGUAGE_STANDARD = gnu11;
				GCC_DYNAMIC_NO_PIC = NO;
				GCC_NO_COMMON_BLOCKS = YES;
				GCC_OPTIMIZATION_LEVEL = 0;
				GCC_PREPROCESSOR_DEFINITIONS = (
					"DEBUG=1",
					"$(inherited)",
				);
				GCC_WARN_64_TO_32_BIT_CONVERSION = YES;
				GCC_WARN_ABOUT_RETURN_TYPE = YES_ERROR;
				GCC_WARN_UNDECLARED_SELECTOR = YES;
				GCC_WARN_UNINITIALIZED_AUTOS = YES_AGGRESSIVE;
				GCC_WARN_UNUSED_FUNCTION = YES;
				GCC_WARN_UNUSED_VARIABLE = YES;
				MTL_ENABLE_DEBUG_INFO = INCLUDE_SOURCE;
				MTL_FAST_MATH = YES;
				ONLY_ACTIVE_ARCH = YES;
				SWIFT_ACTIVE_COMPILATION_CONDITIONS = DEBUG;
				SWIFT_OPTIMIZATION_LEVEL = "-Onone";
			};
			name = Debug;
		};
		843C9F2C25D4930800FEB4D9 /* Release */ = {
			isa = XCBuildConfiguration;
			buildSettings = {
				ALWAYS_SEARCH_USER_PATHS = NO;
				CLANG_ANALYZER_NONNULL = YES;
				CLANG_ANALYZER_NUMBER_OBJECT_CONVERSION = YES_AGGRESSIVE;
				CLANG_CXX_LANGUAGE_STANDARD = "gnu++14";
				CLANG_CXX_LIBRARY = "libc++";
				CLANG_ENABLE_MODULES = YES;
				CLANG_ENABLE_OBJC_ARC = YES;
				CLANG_ENABLE_OBJC_WEAK = YES;
				CLANG_WARN_BLOCK_CAPTURE_AUTORELEASING = YES;
				CLANG_WARN_BOOL_CONVERSION = YES;
				CLANG_WARN_COMMA = YES;
				CLANG_WARN_CONSTANT_CONVERSION = YES;
				CLANG_WARN_DEPRECATED_OBJC_IMPLEMENTATIONS = YES;
				CLANG_WARN_DIRECT_OBJC_ISA_USAGE = YES_ERROR;
				CLANG_WARN_DOCUMENTATION_COMMENTS = YES;
				CLANG_WARN_EMPTY_BODY = YES;
				CLANG_WARN_ENUM_CONVERSION = YES;
				CLANG_WARN_INFINITE_RECURSION = YES;
				CLANG_WARN_INT_CONVERSION = YES;
				CLANG_WARN_NON_LITERAL_NULL_CONVERSION = YES;
				CLANG_WARN_OBJC_IMPLICIT_RETAIN_SELF = YES;
				CLANG_WARN_OBJC_LITERAL_CONVERSION = YES;
				CLANG_WARN_OBJC_ROOT_CLASS = YES_ERROR;
				CLANG_WARN_QUOTED_INCLUDE_IN_FRAMEWORK_HEADER = YES;
				CLANG_WARN_RANGE_LOOP_ANALYSIS = YES;
				CLANG_WARN_STRICT_PROTOTYPES = YES;
				CLANG_WARN_SUSPICIOUS_MOVE = YES;
				CLANG_WARN_UNGUARDED_AVAILABILITY = YES_AGGRESSIVE;
				CLANG_WARN_UNREACHABLE_CODE = YES;
				CLANG_WARN__DUPLICATE_METHOD_MATCH = YES;
				COPY_PHASE_STRIP = NO;
				DEBUG_INFORMATION_FORMAT = "dwarf-with-dsym";
				ENABLE_NS_ASSERTIONS = NO;
				ENABLE_STRICT_OBJC_MSGSEND = YES;
				GCC_C_LANGUAGE_STANDARD = gnu11;
				GCC_NO_COMMON_BLOCKS = YES;
				GCC_WARN_64_TO_32_BIT_CONVERSION = YES;
				GCC_WARN_ABOUT_RETURN_TYPE = YES_ERROR;
				GCC_WARN_UNDECLARED_SELECTOR = YES;
				GCC_WARN_UNINITIALIZED_AUTOS = YES_AGGRESSIVE;
				GCC_WARN_UNUSED_FUNCTION = YES;
				GCC_WARN_UNUSED_VARIABLE = YES;
				MTL_ENABLE_DEBUG_INFO = NO;
				MTL_FAST_MATH = YES;
				SWIFT_COMPILATION_MODE = wholemodule;
				SWIFT_OPTIMIZATION_LEVEL = "-O";
			};
			name = Release;
		};
		843C9F2E25D4930800FEB4D9 /* Debug */ = {
			isa = XCBuildConfiguration;
			buildSettings = {
				ASSETCATALOG_COMPILER_APPICON_NAME = AppIcon;
				ASSETCATALOG_COMPILER_GLOBAL_ACCENT_COLOR_NAME = AccentColor;
				CODE_SIGN_STYLE = Automatic;
				DEVELOPMENT_TEAM = N9Y48TDF3X;
				ENABLE_PREVIEWS = YES;
				INFOPLIST_FILE = iOS/Info.plist;
				IPHONEOS_DEPLOYMENT_TARGET = 14.0;
				LD_RUNPATH_SEARCH_PATHS = (
					"$(inherited)",
					"@executable_path/Frameworks",
				);
				PRODUCT_BUNDLE_IDENTIFIER = com.cjgaspari.Rower;
				PRODUCT_NAME = Rower;
				SDKROOT = iphoneos;
				SWIFT_VERSION = 5.0;
				TARGETED_DEVICE_FAMILY = "1,2";
			};
			name = Debug;
		};
		843C9F2F25D4930800FEB4D9 /* Release */ = {
			isa = XCBuildConfiguration;
			buildSettings = {
				ASSETCATALOG_COMPILER_APPICON_NAME = AppIcon;
				ASSETCATALOG_COMPILER_GLOBAL_ACCENT_COLOR_NAME = AccentColor;
				CODE_SIGN_STYLE = Automatic;
				DEVELOPMENT_TEAM = N9Y48TDF3X;
				ENABLE_PREVIEWS = YES;
				INFOPLIST_FILE = iOS/Info.plist;
				IPHONEOS_DEPLOYMENT_TARGET = 14.0;
				LD_RUNPATH_SEARCH_PATHS = (
					"$(inherited)",
					"@executable_path/Frameworks",
				);
				PRODUCT_BUNDLE_IDENTIFIER = com.cjgaspari.Rower;
				PRODUCT_NAME = Rower;
				SDKROOT = iphoneos;
				SWIFT_VERSION = 5.0;
				TARGETED_DEVICE_FAMILY = "1,2";
				VALIDATE_PRODUCT = YES;
			};
			name = Release;
		};
		843C9F3125D4930800FEB4D9 /* Debug */ = {
			isa = XCBuildConfiguration;
			buildSettings = {
				ASSETCATALOG_COMPILER_APPICON_NAME = AppIcon;
				ASSETCATALOG_COMPILER_GLOBAL_ACCENT_COLOR_NAME = AccentColor;
				CODE_SIGN_ENTITLEMENTS = macOS/macOS.entitlements;
				CODE_SIGN_STYLE = Automatic;
				COMBINE_HIDPI_IMAGES = YES;
				DEVELOPMENT_TEAM = N9Y48TDF3X;
				ENABLE_HARDENED_RUNTIME = YES;
				ENABLE_PREVIEWS = YES;
				INFOPLIST_FILE = macOS/Info.plist;
				LD_RUNPATH_SEARCH_PATHS = (
					"$(inherited)",
					"@executable_path/../Frameworks",
				);
				MACOSX_DEPLOYMENT_TARGET = 11.0;
				PRODUCT_BUNDLE_IDENTIFIER = com.cjgaspari.Rower;
				PRODUCT_NAME = Rower;
				SDKROOT = macosx;
				SWIFT_VERSION = 5.0;
			};
			name = Debug;
		};
		843C9F3225D4930800FEB4D9 /* Release */ = {
			isa = XCBuildConfiguration;
			buildSettings = {
				ASSETCATALOG_COMPILER_APPICON_NAME = AppIcon;
				ASSETCATALOG_COMPILER_GLOBAL_ACCENT_COLOR_NAME = AccentColor;
				CODE_SIGN_ENTITLEMENTS = macOS/macOS.entitlements;
				CODE_SIGN_STYLE = Automatic;
				COMBINE_HIDPI_IMAGES = YES;
				DEVELOPMENT_TEAM = N9Y48TDF3X;
				ENABLE_HARDENED_RUNTIME = YES;
				ENABLE_PREVIEWS = YES;
				INFOPLIST_FILE = macOS/Info.plist;
				LD_RUNPATH_SEARCH_PATHS = (
					"$(inherited)",
					"@executable_path/../Frameworks",
				);
				MACOSX_DEPLOYMENT_TARGET = 11.0;
				PRODUCT_BUNDLE_IDENTIFIER = com.cjgaspari.Rower;
				PRODUCT_NAME = Rower;
				SDKROOT = macosx;
				SWIFT_VERSION = 5.0;
			};
			name = Release;
		};
/* End XCBuildConfiguration section */

/* Begin XCConfigurationList section */
		843C9F1025D4930700FEB4D9 /* Build configuration list for PBXProject "Rower" */ = {
			isa = XCConfigurationList;
			buildConfigurations = (
				843C9F2B25D4930800FEB4D9 /* Debug */,
				843C9F2C25D4930800FEB4D9 /* Release */,
			);
			defaultConfigurationIsVisible = 0;
			defaultConfigurationName = Release;
		};
		843C9F2D25D4930800FEB4D9 /* Build configuration list for PBXNativeTarget "Rower (iOS)" */ = {
			isa = XCConfigurationList;
			buildConfigurations = (
				843C9F2E25D4930800FEB4D9 /* Debug */,
				843C9F2F25D4930800FEB4D9 /* Release */,
			);
			defaultConfigurationIsVisible = 0;
			defaultConfigurationName = Release;
		};
		843C9F3025D4930800FEB4D9 /* Build configuration list for PBXNativeTarget "Rower (macOS)" */ = {
			isa = XCConfigurationList;
			buildConfigurations = (
				843C9F3125D4930800FEB4D9 /* Debug */,
				843C9F3225D4930800FEB4D9 /* Release */,
			);
			defaultConfigurationIsVisible = 0;
			defaultConfigurationName = Release;
		};
/* End XCConfigurationList section */
	};
	rootObject = 843C9F0D25D4930700FEB4D9 /* Project object */;
}
